
Microsoft Visual Studio Solution File, Format Version 12.00
# Visual Studio Version 16
VisualStudioVersion = 16.0.31112.23
MinimumVisualStudioVersion = 10.0.40219.1
Project("{9A19103F-16F7-4668-BE54-9A1E7A4F7556}") = "Best", "Best\Best.csproj", "{DBF88CB2-1954-49BE-92C2-B15A6ADADC5A}"
EndProject
Global
	GlobalSection(SolutionConfigurationPlatforms) = preSolution
		Debug|Any CPU = Debug|Any CPU
		Release|Any CPU = Release|Any CPU
	EndGlobalSection
	GlobalSection(ProjectConfigurationPlatforms) = postSolution
		{DBF88CB2-1954-49BE-92C2-B15A6ADADC5A}.Debug|Any CPU.ActiveCfg = Debug|Any CPU
		{DBF88CB2-1954-49BE-92C2-B15A6ADADC5A}.Debug|Any CPU.Build.0 = Debug|Any CPU
		{DBF88CB2-1954-49BE-92C2-B15A6ADADC5A}.Release|Any CPU.ActiveCfg = Release|Any CPU
		{DBF88CB2-1954-49BE-92C2-B15A6ADADC5A}.Release|Any CPU.Build.0 = Release|Any CPU
	EndGlobalSection
	GlobalSection(SolutionProperties) = preSolution
		HideSolutionNode = FALSE
	EndGlobalSection
	GlobalSection(ExtensibilityGlobals) = postSolution
		SolutionGuid = {5ACD8373-C972-4136-A8D6-E299874CE1A2}
	EndGlobalSection
EndGlobal
